{
    "_meta": {
        "hash": {
            "sha256": "40efbfebfcd7bd24c409d72c017e35cc1af8112604b0700b1232c973bc5cd796"
        },
        "pipfile-spec": 6,
        "requires": {
            "python_version": "3.6"
        },
        "sources": [
            {
                "name": "pypi",
                "url": "http://mirrors.aliyun.com/pypi/simple/",
                "verify_ssl": false
            }
        ]
    },
    "default": {},
    "develop": {}
}
